# This file was autogenerated by Stack.
# You should not edit this file by hand.
# For more information, please see the documentation at:
#   https://docs.haskellstack.org/en/stable/topics/lock_files

packages:
- completed:
    hackage: gi-gdk-4.0.9@sha256:4196fd5d91a5a3297b2a52debe067409d5001edfec7ed7adb7a44b99a5372893,9585
    pantry-tree:
      sha256: a6c2b884d8e646f1c15bf8f9c30c4fdd3691f451de984f55bd5234d6e00ef268
      size: 355
  original:
    hackage: gi-gdk-4.0.9
- completed:
    hackage: gi-gsk-4.0.8@sha256:97d8e7f63b4b2a19c1e55cabc56bdc05e0d911e1629ae70fbd2fefa7c087ce0c,8365
    pantry-tree:
      sha256: 1b77ab5b3d5aa28bd1fc7a7ff029efbc4aabdc7193bd7c8135a0953de3b3795e
      size: 353
  original:
    hackage: gi-gsk-4.0.8
- completed:
    hackage: gi-gtk-4.0.9@sha256:e172b4955b70a1737bca9ffc53dbb2ada2420d1aa604a01a7461bdbab1561ba3,36939
    pantry-tree:
      sha256: c4dc960da48a10f2d6d674e607d17604cb85491d37a60bd7647592ac69d497a9
      size: 357
  original:
    hackage: gi-gtk-4.0.9
snapshots:
- completed:
    sha256: 08bd13ce621b41a8f5e51456b38d5b46d7783ce114a50ab604d6bbab0d002146
    size: 720271
    url: https://raw.githubusercontent.com/commercialhaskell/stackage-snapshots/master/lts/22/43.yaml
  original: lts-22.43
