# This file was autogenerated by Stack.
# You should not edit this file by hand.
# For more information, please see the documentation at:
#   https://docs.haskellstack.org/en/stable/topics/lock_files

packages:
- completed:
    hackage: gi-cairo-connector-0.1.1@sha256:352fc558ed5bf27d48bd88c8ec0e3be5fdbaf1418eaddffcfd1c7283fd895d40,1251
    pantry-tree:
      sha256: 8a4266c4bc002930f3cf4c753e1288b94e16f743885703c6197789388574cd99
      size: 238
  original:
    hackage: gi-cairo-connector-0.1.1
- completed:
    hackage: gi-gdk-4.0.10@sha256:631e1e212cd1f8b676490a93a8fd9d62711de37a1c7e1d2e549dda7a23f0c6ef,776
    pantry-tree:
      sha256: c1f28b242a880532a738972d386be78408f431ed6cb3c9ee6a46cdc9c58fa42d
      size: 199
  original:
    hackage: gi-gdk-4.0.10
- completed:
    hackage: gi-gdk4-4.0.10@sha256:107ae0d3ba47008c8dd59652af5cf4c648cf84a3e04cb74d326240a7170d3fa7,9907
    pantry-tree:
      sha256: 9aa0916ddae3aaf8570592fb9964bc77e8e6dbcf04486588d27a803480a98e5e
      size: 356
  original:
    hackage: gi-gdk4-4.0.10
- completed:
    hackage: gi-gsk-4.0.9@sha256:85c8153ce3d463b48d1b43bdedf7d7fdef7a5ce36e525e694c98a21743fb77d0,8351
    pantry-tree:
      sha256: d55f04e968aa3038e0d8e14fac6f048c731d3ea5036a212a1da1202148220c96
      size: 353
  original:
    hackage: gi-gsk-4.0.9
- completed:
    hackage: gi-gtk-4.0.12@sha256:ad185a7a24bdd7be3a0902aa24b70112199e52ebe815a0a5c11f2138b0f758af,780
    pantry-tree:
      sha256: 83fc012043437818c6eeb14eac3df0164ef055370739b959c58e97bde73a07e7
      size: 199
  original:
    hackage: gi-gtk-4.0.12@rev:0
- completed:
    hackage: gi-gtk4-4.0.12@sha256:b3838c11f64d87088bc2ce5bd84b05766e1134dcedf5fcb2fe07f17c8065015e,36859
    pantry-tree:
      sha256: 33f14d45dfdb51c38059a140201f27773065e0d0d6cc6c76a281f6c849e02432
      size: 358
  original:
    hackage: gi-gtk4-4.0.12
- completed:
    hackage: gi-pangocairo-1.0.31@sha256:dfeb7c73749a9d2b280dd9fb59aeb70def529ee310114c89cc57967af9c3df84,3226
    pantry-tree:
      sha256: 277eafb8cf510b9d653179dc5b059e66ddf051d39a1023343ba8cf38ca6dabc0
      size: 370
  original:
    hackage: gi-pangocairo-1.0.31
snapshots:
- completed:
    sha256: 2d580e973dc1a5ff70cd2bb1248613f835829b38eed5db5dafc3615a22cb1bcd
    size: 679292
    url: https://raw.githubusercontent.com/commercialhaskell/stackage-snapshots/master/lts/23/5.yaml
  original: lts-23.5
